<?xml version="1.0" encoding="UTF-8" standalone="yes" ?>
<CodeBlocks_project_file>
	<FileVersion major="1" minor="6" />
	<Project>
		<Option title="词法-语法LL(1)分析程序" />
		<Option pch_mode="2" />
		<Option compiler="gcc" />
		<Build>
			<Target title="Debug">
				<Option output="bin/Debug/词法-语法LL(1)分析程序" prefix_auto="1" extension_auto="1" />
				<Option object_output="obj/Debug/" />
				<Option type="1" />
				<Option compiler="gcc" />
				<Compiler>
					<Add option="-g" />
					<Add directory="include" />
				</Compiler>
			</Target>
			<Target title="Release">
				<Option output="bin/Release/词法-语法LL(1)分析程序" prefix_auto="1" extension_auto="1" />
				<Option object_output="obj/Release/" />
				<Option type="1" />
				<Option compiler="gcc" />
				<Compiler>
					<Add option="-O2" />
					<Add directory="include" />
				</Compiler>
				<Linker>
					<Add option="-s" />
				</Linker>
			</Target>
		</Build>
		<Compiler>
			<Add option="-Wall" />
			<Add option="-fexceptions" />
		</Compiler>
		<Unit filename="Asm.txt" />
		<Unit filename="QuadList.txt" />
		<Unit filename="TokenList.txt" />
		<Unit filename="VarTable.txt" />
		<Unit filename="in.txt" />
		<Unit filename="include/GrammarAnalyzer.h" />
		<Unit filename="include/IntermediateCode.h" />
		<Unit filename="include/LexicalAnalyzer.h" />
		<Unit filename="main.cpp" />
		<Unit filename="resault.txt" />
		<Unit filename="src/GrammarAnalyzer.cpp" />
		<Unit filename="src/IntermediateCode.cpp" />
		<Unit filename="src/LexicalAnalyzer.cpp" />
		<Unit filename="table.txt" />
		<Extensions>
			<code_completion />
			<envvars />
			<debugger />
			<lib_finder disable_auto="1" />
		</Extensions>
	</Project>
</CodeBlocks_project_file>
